
Microsoft Visual Studio Solution File, Format Version 12.00
# Visual Studio Version 17
VisualStudioVersion = 17.4.33205.214
MinimumVisualStudioVersion = 10.0.40219.1
Project("{FAE04EC0-301F-11D3-BF4B-00C04F79EFBC}") = "DetectionCamera", "DetectionCamera\DetectionCamera.csproj", "{6538A1E8-A490-4978-B89B-854CF0C9BBE2}"
EndProject
Global
	GlobalSection(SolutionConfigurationPlatforms) = preSolution
		Debug|Any CPU = Debug|Any CPU
		Release|Any CPU = Release|Any CPU
	EndGlobalSection
	GlobalSection(ProjectConfigurationPlatforms) = postSolution
		{6538A1E8-A490-4978-B89B-854CF0C9BBE2}.Debug|Any CPU.ActiveCfg = Debug|Any CPU
		{6538A1E8-A490-4978-B89B-854CF0C9BBE2}.Debug|Any CPU.Build.0 = Debug|Any CPU
		{6538A1E8-A490-4978-B89B-854CF0C9BBE2}.Release|Any CPU.ActiveCfg = Release|Any CPU
		{6538A1E8-A490-4978-B89B-854CF0C9BBE2}.Release|Any CPU.Build.0 = Release|Any CPU
	EndGlobalSection
	GlobalSection(SolutionProperties) = preSolution
		HideSolutionNode = FALSE
	EndGlobalSection
	GlobalSection(ExtensibilityGlobals) = postSolution
		SolutionGuid = {5C6D4F93-B4E1-4004-AF8A-A75693C1D468}
	EndGlobalSection
EndGlobal
